// !$*UTF8*$!
{
	archiveVersion = 1;
	classes = {
	};
	objectVersion = 77;
	objects = {

/* Begin PBXBuildFile section */
		4699E71C2D1C0A0400B606C2 /* Localizable.xcstrings in Resources */ = {isa = PBXBuildFile; fileRef = 4699E71B2D1C0A0400B606C2 /* Localizable.xcstrings */; };
		4699E71E2D1C125300B606C2 /* InfoPlist.xcstrings in Resources */ = {isa = PBXBuildFile; fileRef = 4699E71D2D1C125300B606C2 /* InfoPlist.xcstrings */; };
		B1A188C52D17F30D00392F35 /* PersistenceController.xcdatamodeld in Sources */ = {isa = PBXBuildFile; fileRef = B1A188C32D17F30D00392F35 /* PersistenceController.xcdatamodeld */; };
		B1E9A41F2D1A8BB100B56622 /* PersistenceDocuments.xcdatamodeld in Sources */ = {isa = PBXBuildFile; fileRef = B1E9A41D2D1A8BB100B56622 /* PersistenceDocuments.xcdatamodeld */; };
/* End PBXBuildFile section */

/* Begin PBXContainerItemProxy section */
		461D5B9B2D096FA000A5CE91 /* PBXContainerItemProxy */ = {
			isa = PBXContainerItemProxy;
			containerPortal = 461D5B822D096F9E00A5CE91 /* Project object */;
			proxyType = 1;
			remoteGlobalIDString = 461D5B892D096F9E00A5CE91;
			remoteInfo = WakebApp;
		};
		461D5BA52D096FA000A5CE91 /* PBXContainerItemProxy */ = {
			isa = PBXContainerItemProxy;
			containerPortal = 461D5B822D096F9E00A5CE91 /* Project object */;
			proxyType = 1;
			remoteGlobalIDString = 461D5B892D096F9E00A5CE91;
			remoteInfo = WakebApp;
		};
/* End PBXContainerItemProxy section */

/* Begin PBXFileReference section */
		461D5B8A2D096F9E00A5CE91 /* WakebApp.app */ = {isa = PBXFileReference; explicitFileType = wrapper.application; includeInIndex = 0; path = WakebApp.app; sourceTree = BUILT_PRODUCTS_DIR; };
		461D5B9A2D096FA000A5CE91 /* WakebAppTests.xctest */ = {isa = PBXFileReference; explicitFileType = wrapper.cfbundle; includeInIndex = 0; path = WakebAppTests.xctest; sourceTree = BUILT_PRODUCTS_DIR; };
		461D5BA42D096FA000A5CE91 /* WakebAppUITests.xctest */ = {isa = PBXFileReference; explicitFileType = wrapper.cfbundle; includeInIndex = 0; path = WakebAppUITests.xctest; sourceTree = BUILT_PRODUCTS_DIR; };
		4699E71B2D1C0A0400B606C2 /* Localizable.xcstrings */ = {isa = PBXFileReference; lastKnownFileType = text.json.xcstrings; path = Localizable.xcstrings; sourceTree = "<group>"; };
		4699E71D2D1C125300B606C2 /* InfoPlist.xcstrings */ = {isa = PBXFileReference; lastKnownFileType = text.json.xcstrings; path = InfoPlist.xcstrings; sourceTree = "<group>"; };
		B1A188C42D17F30D00392F35 /* PersistenceController.xcdatamodel */ = {isa = PBXFileReference; lastKnownFileType = wrapper.xcdatamodel; path = PersistenceController.xcdatamodel; sourceTree = "<group>"; };
		B1E9A41E2D1A8BB100B56622 /* PersistenceDocuments.xcdatamodel */ = {isa = PBXFileReference; lastKnownFileType = wrapper.xcdatamodel; path = PersistenceDocuments.xcdatamodel; sourceTree = "<group>"; };
/* End PBXFileReference section */

/* Begin PBXFileSystemSynchronizedBuildFileExceptionSet section */
		46BDAE232D22801700504640 /* Exceptions for "WakebApp" folder in "WakebAppTests" target */ = {
			isa = PBXFileSystemSynchronizedBuildFileExceptionSet;
			membershipExceptions = (
				buttonClick.mp3,
			);
			target = 461D5B992D096FA000A5CE91 /* WakebAppTests */;
		};
		46BDAE242D22801700504640 /* Exceptions for "WakebApp" folder in "WakebAppUITests" target */ = {
			isa = PBXFileSystemSynchronizedBuildFileExceptionSet;
			membershipExceptions = (
				buttonClick.mp3,
			);
			target = 461D5BA32D096FA000A5CE91 /* WakebAppUITests */;
		};
		B1ECCCB92D16EB9A00610DDD /* Exceptions for "WakebApp" folder in "WakebApp" target */ = {
			isa = PBXFileSystemSynchronizedBuildFileExceptionSet;
			membershipExceptions = (
				Info.plist,
			);
			target = 461D5B892D096F9E00A5CE91 /* WakebApp */;
		};
		B1ECCCBE2D16EC6F00610DDD /* Exceptions for "WakebAppUITests" folder in "WakebApp" target */ = {
			isa = PBXFileSystemSynchronizedBuildFileExceptionSet;
			membershipExceptions = (
				"LexieReadable-Regular.ttf",
				"Maqroo-Regular.otf",
				"NotoSansArabic-VariableFont_wdth,wght.ttf",
				"OpenDyslexic-Regular.otf",
			);
			target = 461D5B892D096F9E00A5CE91 /* WakebApp */;
		};
		B1ECCCBF2D16EC6F00610DDD /* Exceptions for "WakebAppUITests" folder in "WakebAppTests" target */ = {
			isa = PBXFileSystemSynchronizedBuildFileExceptionSet;
			membershipExceptions = (
				"LexieReadable-Regular.ttf",
				"Maqroo-Regular.otf",
				"NotoSansArabic-VariableFont_wdth,wght.ttf",
				"OpenDyslexic-Regular.otf",
			);
			target = 461D5B992D096FA000A5CE91 /* WakebAppTests */;
		};
/* End PBXFileSystemSynchronizedBuildFileExceptionSet section */

/* Begin PBXFileSystemSynchronizedRootGroup section */
		461D5B8C2D096F9E00A5CE91 /* WakebApp */ = {
			isa = PBXFileSystemSynchronizedRootGroup;
			exceptions = (
				B1ECCCB92D16EB9A00610DDD /* Exceptions for "WakebApp" folder in "WakebApp" target */,
				46BDAE232D22801700504640 /* Exceptions for "WakebApp" folder in "WakebAppTests" target */,
				46BDAE242D22801700504640 /* Exceptions for "WakebApp" folder in "WakebAppUITests" target */,
			);
			path = WakebApp;
			sourceTree = "<group>";
		};
		461D5B9D2D096FA000A5CE91 /* WakebAppTests */ = {
			isa = PBXFileSystemSynchronizedRootGroup;
			path = WakebAppTests;
			sourceTree = "<group>";
		};
		461D5BA72D096FA000A5CE91 /* WakebAppUITests */ = {
			isa = PBXFileSystemSynchronizedRootGroup;
			exceptions = (
				B1ECCCBE2D16EC6F00610DDD /* Exceptions for "WakebAppUITests" folder in "WakebApp" target */,
				B1ECCCBF2D16EC6F00610DDD /* Exceptions for "WakebAppUITests" folder in "WakebAppTests" target */,
			);
			path = WakebAppUITests;
			sourceTree = "<group>";
		};
/* End PBXFileSystemSynchronizedRootGroup section */

/* Begin PBXFrameworksBuildPhase section */
		461D5B872D096F9E00A5CE91 /* Frameworks */ = {
			isa = PBXFrameworksBuildPhase;
			buildActionMask = 2147483647;
			files = (
			);
			runOnlyForDeploymentPostprocessing = 0;
		};
		461D5B972D096FA000A5CE91 /* Frameworks */ = {
			isa = PBXFrameworksBuildPhase;
			buildActionMask = 2147483647;
			files = (
			);
			runOnlyForDeploymentPostprocessing = 0;
		};
		461D5BA12D096FA000A5CE91 /* Frameworks */ = {
			isa = PBXFrameworksBuildPhase;
			buildActionMask = 2147483647;
			files = (
			);
			runOnlyForDeploymentPostprocessing = 0;
		};
/* End PBXFrameworksBuildPhase section */

/* Begin PBXGroup section */
		461D5B812D096F9E00A5CE91 = {
			isa = PBXGroup;
			children = (
				4699E71B2D1C0A0400B606C2 /* Localizable.xcstrings */,
				4699E71D2D1C125300B606C2 /* InfoPlist.xcstrings */,
				B1A188C32D17F30D00392F35 /* PersistenceController.xcdatamodeld */,
				B1E9A41D2D1A8BB100B56622 /* PersistenceDocuments.xcdatamodeld */,
				461D5B8C2D096F9E00A5CE91 /* WakebApp */,
				461D5B9D2D096FA000A5CE91 /* WakebAppTests */,
				461D5BA72D096FA000A5CE91 /* WakebAppUITests */,
				461D5B8B2D096F9E00A5CE91 /* Products */,
			);
			sourceTree = "<group>";
		};
		461D5B8B2D096F9E00A5CE91 /* Products */ = {
			isa = PBXGroup;
			children = (
				461D5B8A2D096F9E00A5CE91 /* WakebApp.app */,
				461D5B9A2D096FA000A5CE91 /* WakebAppTests.xctest */,
				461D5BA42D096FA000A5CE91 /* WakebAppUITests.xctest */,
			);
			name = Products;
			sourceTree = "<group>";
		};
/* End PBXGroup section */

/* Begin PBXNativeTarget section */
		461D5B892D096F9E00A5CE91 /* WakebApp */ = {
			isa = PBXNativeTarget;
			buildConfigurationList = 461D5BAE2D096FA000A5CE91 /* Build configuration list for PBXNativeTarget "WakebApp" */;
			buildPhases = (
				461D5B862D096F9E00A5CE91 /* Sources */,
				461D5B872D096F9E00A5CE91 /* Frameworks */,
				461D5B882D096F9E00A5CE91 /* Resources */,
			);
			buildRules = (
			);
			dependencies = (
			);
			fileSystemSynchronizedGroups = (
				461D5B8C2D096F9E00A5CE91 /* WakebApp */,
			);
			name = WakebApp;
			packageProductDependencies = (
			);
			productName = WakebApp;
			productReference = 461D5B8A2D096F9E00A5CE91 /* WakebApp.app */;
			productType = "com.apple.product-type.application";
		};
		461D5B992D096FA000A5CE91 /* WakebAppTests */ = {
			isa = PBXNativeTarget;
			buildConfigurationList = 461D5BB12D096FA000A5CE91 /* Build configuration list for PBXNativeTarget "WakebAppTests" */;
			buildPhases = (
				461D5B962D096FA000A5CE91 /* Sources */,
				461D5B972D096FA000A5CE91 /* Frameworks */,
				461D5B982D096FA000A5CE91 /* Resources */,
			);
			buildRules = (
			);
			dependencies = (
				461D5B9C2D096FA000A5CE91 /* PBXTargetDependency */,
			);
			fileSystemSynchronizedGroups = (
				461D5B9D2D096FA000A5CE91 /* WakebAppTests */,
			);
			name = WakebAppTests;
			packageProductDependencies = (
			);
			productName = WakebAppTests;
			productReference = 461D5B9A2D096FA000A5CE91 /* WakebAppTests.xctest */;
			productType = "com.apple.product-type.bundle.unit-test";
		};
		461D5BA32D096FA000A5CE91 /* WakebAppUITests */ = {
			isa = PBXNativeTarget;
			buildConfigurationList = 461D5BB42D096FA000A5CE91 /* Build configuration list for PBXNativeTarget "WakebAppUITests" */;
			buildPhases = (
				461D5BA02D096FA000A5CE91 /* Sources */,
				461D5BA12D096FA000A5CE91 /* Frameworks */,
				461D5BA22D096FA000A5CE91 /* Resources */,
			);
			buildRules = (
			);
			dependencies = (
				461D5BA62D096FA000A5CE91 /* PBXTargetDependency */,
			);
			fileSystemSynchronizedGroups = (
				461D5BA72D096FA000A5CE91 /* WakebAppUITests */,
			);
			name = WakebAppUITests;
			packageProductDependencies = (
			);
			productName = WakebAppUITests;
			productReference = 461D5BA42D096FA000A5CE91 /* WakebAppUITests.xctest */;
			productType = "com.apple.product-type.bundle.ui-testing";
		};
/* End PBXNativeTarget section */

/* Begin PBXProject section */
		461D5B822D096F9E00A5CE91 /* Project object */ = {
			isa = PBXProject;
			attributes = {
				BuildIndependentTargetsInParallel = 1;
				LastSwiftUpdateCheck = 1600;
				LastUpgradeCheck = 1600;
				TargetAttributes = {
					461D5B892D096F9E00A5CE91 = {
						CreatedOnToolsVersion = 16.0;
					};
					461D5B992D096FA000A5CE91 = {
						CreatedOnToolsVersion = 16.0;
						TestTargetID = 461D5B892D096F9E00A5CE91;
					};
					461D5BA32D096FA000A5CE91 = {
						CreatedOnToolsVersion = 16.0;
						TestTargetID = 461D5B892D096F9E00A5CE91;
					};
				};
			};
			buildConfigurationList = 461D5B852D096F9E00A5CE91 /* Build configuration list for PBXProject "WakebApp" */;
			developmentRegion = en;
			hasScannedForEncodings = 0;
			knownRegions = (
				en,
				Base,
				ar,
			);
			mainGroup = 461D5B812D096F9E00A5CE91;
			minimizedProjectReferenceProxies = 1;
			preferredProjectObjectVersion = 77;
			productRefGroup = 461D5B8B2D096F9E00A5CE91 /* Products */;
			projectDirPath = "";
			projectRoot = "";
			targets = (
				461D5B892D096F9E00A5CE91 /* WakebApp */,
				461D5B992D096FA000A5CE91 /* WakebAppTests */,
				461D5BA32D096FA000A5CE91 /* WakebAppUITests */,
			);
		};
/* End PBXProject section */

/* Begin PBXResourcesBuildPhase section */
		461D5B882D096F9E00A5CE91 /* Resources */ = {
			isa = PBXResourcesBuildPhase;
			buildActionMask = 2147483647;
			files = (
				4699E71C2D1C0A0400B606C2 /* Localizable.xcstrings in Resources */,
				4699E71E2D1C125300B606C2 /* InfoPlist.xcstrings in Resources */,
			);
			runOnlyForDeploymentPostprocessing = 0;
		};
		461D5B982D096FA000A5CE91 /* Resources */ = {
			isa = PBXResourcesBuildPhase;
			buildActionMask = 2147483647;
			files = (
			);
			runOnlyForDeploymentPostprocessing = 0;
		};
		461D5BA22D096FA000A5CE91 /* Resources */ = {
			isa = PBXResourcesBuildPhase;
			buildActionMask = 2147483647;
			files = (
			);
			runOnlyForDeploymentPostprocessing = 0;
		};
/* End PBXResourcesBuildPhase section */

/* Begin PBXSourcesBuildPhase section */
		461D5B862D096F9E00A5CE91 /* Sources */ = {
			isa = PBXSourcesBuildPhase;
			buildActionMask = 2147483647;
			files = (
				B1A188C52D17F30D00392F35 /* PersistenceController.xcdatamodeld in Sources */,
				B1E9A41F2D1A8BB100B56622 /* PersistenceDocuments.xcdatamodeld in Sources */,
			);
			runOnlyForDeploymentPostprocessing = 0;
		};
		461D5B962D096FA000A5CE91 /* Sources */ = {
			isa = PBXSourcesBuildPhase;
			buildActionMask = 2147483647;
			files = (
			);
			runOnlyForDeploymentPostprocessing = 0;
		};
		461D5BA02D096FA000A5CE91 /* Sources */ = {
			isa = PBXSourcesBuildPhase;
			buildActionMask = 2147483647;
			files = (
			);
			runOnlyForDeploymentPostprocessing = 0;
		};
/* End PBXSourcesBuildPhase section */

/* Begin PBXTargetDependency section */
		461D5B9C2D096FA000A5CE91 /* PBXTargetDependency */ = {
			isa = PBXTargetDependency;
			target = 461D5B892D096F9E00A5CE91 /* WakebApp */;
			targetProxy = 461D5B9B2D096FA000A5CE91 /* PBXContainerItemProxy */;
		};
		461D5BA62D096FA000A5CE91 /* PBXTargetDependency */ = {
			isa = PBXTargetDependency;
			target = 461D5B892D096F9E00A5CE91 /* WakebApp */;
			targetProxy = 461D5BA52D096FA000A5CE91 /* PBXContainerItemProxy */;
		};
/* End PBXTargetDependency section */

/* Begin XCBuildConfiguration section */
		461D5BAC2D096FA000A5CE91 /* Debug */ = {
			isa = XCBuildConfiguration;
			buildSettings = {
				ALWAYS_SEARCH_USER_PATHS = NO;
				ASSETCATALOG_COMPILER_GENERATE_SWIFT_ASSET_SYMBOL_EXTENSIONS = YES;
				CLANG_ANALYZER_NONNULL = YES;
				CLANG_ANALYZER_NUMBER_OBJECT_CONVERSION = YES_AGGRESSIVE;
				CLANG_CXX_LANGUAGE_STANDARD = "gnu++20";
				CLANG_ENABLE_MODULES = YES;
				CLANG_ENABLE_OBJC_ARC = YES;
				CLANG_ENABLE_OBJC_WEAK = YES;
				CLANG_WARN_BLOCK_CAPTURE_AUTORELEASING = YES;
				CLANG_WARN_BOOL_CONVERSION = YES;
				CLANG_WARN_COMMA = YES;
				CLANG_WARN_CONSTANT_CONVERSION = YES;
				CLANG_WARN_DEPRECATED_OBJC_IMPLEMENTATIONS = YES;
				CLANG_WARN_DIRECT_OBJC_ISA_USAGE = YES_ERROR;
				CLANG_WARN_DOCUMENTATION_COMMENTS = YES;
				CLANG_WARN_EMPTY_BODY = YES;
				CLANG_WARN_ENUM_CONVERSION = YES;
				CLANG_WARN_INFINITE_RECURSION = YES;
				CLANG_WARN_INT_CONVERSION = YES;
				CLANG_WARN_NON_LITERAL_NULL_CONVERSION = YES;
				CLANG_WARN_OBJC_IMPLICIT_RETAIN_SELF = YES;
				CLANG_WARN_OBJC_LITERAL_CONVERSION = YES;
				CLANG_WARN_OBJC_ROOT_CLASS = YES_ERROR;
				CLANG_WARN_QUOTED_INCLUDE_IN_FRAMEWORK_HEADER = YES;
				CLANG_WARN_RANGE_LOOP_ANALYSIS = YES;
				CLANG_WARN_STRICT_PROTOTYPES = YES;
				CLANG_WARN_SUSPICIOUS_MOVE = YES;
				CLANG_WARN_UNGUARDED_AVAILABILITY = YES_AGGRESSIVE;
				CLANG_WARN_UNREACHABLE_CODE = YES;
				CLANG_WARN__DUPLICATE_METHOD_MATCH = YES;
				COPY_PHASE_STRIP = NO;
				DEBUG_INFORMATION_FORMAT = dwarf;
				ENABLE_STRICT_OBJC_MSGSEND = YES;
				ENABLE_TESTABILITY = YES;
				ENABLE_USER_SCRIPT_SANDBOXING = YES;
				GCC_C_LANGUAGE_STANDARD = gnu17;
				GCC_DYNAMIC_NO_PIC = NO;
				GCC_NO_COMMON_BLOCKS = YES;
				GCC_OPTIMIZATION_LEVEL = 0;
				GCC_PREPROCESSOR_DEFINITIONS = (
					"DEBUG=1",
					"$(inherited)",
				);
				GCC_WARN_64_TO_32_BIT_CONVERSION = YES;
				GCC_WARN_ABOUT_RETURN_TYPE = YES_ERROR;
				GCC_WARN_UNDECLARED_SELECTOR = YES;
				GCC_WARN_UNINITIALIZED_AUTOS = YES_AGGRESSIVE;
				GCC_WARN_UNUSED_FUNCTION = YES;
				GCC_WARN_UNUSED_VARIABLE = YES;
				IPHONEOS_DEPLOYMENT_TARGET = 18.0;
				LOCALIZATION_PREFERS_STRING_CATALOGS = YES;
				MTL_ENABLE_DEBUG_INFO = INCLUDE_SOURCE;
				MTL_FAST_MATH = YES;
				ONLY_ACTIVE_ARCH = YES;
				SDKROOT = iphoneos;
				SWIFT_ACTIVE_COMPILATION_CONDITIONS = "DEBUG $(inherited)";
				SWIFT_EMIT_LOC_STRINGS = YES;
				SWIFT_OPTIMIZATION_LEVEL = "-Onone";
			};
			name = Debug;
		};
		461D5BAD2D096FA000A5CE91 /* Release */ = {
			isa = XCBuildConfiguration;
			buildSettings = {
				ALWAYS_SEARCH_USER_PATHS = NO;
				ASSETCATALOG_COMPILER_GENERATE_SWIFT_ASSET_SYMBOL_EXTENSIONS = YES;
				CLANG_ANALYZER_NONNULL = YES;
				CLANG_ANALYZER_NUMBER_OBJECT_CONVERSION = YES_AGGRESSIVE;
				CLANG_CXX_LANGUAGE_STANDARD = "gnu++20";
				CLANG_ENABLE_MODULES = YES;
				CLANG_ENABLE_OBJC_ARC = YES;
				CLANG_ENABLE_OBJC_WEAK = YES;
				CLANG_WARN_BLOCK_CAPTURE_AUTORELEASING = YES;
				CLANG_WARN_BOOL_CONVERSION = YES;
				CLANG_WARN_COMMA = YES;
				CLANG_WARN_CONSTANT_CONVERSION = YES;
				CLANG_WARN_DEPRECATED_OBJC_IMPLEMENTATIONS = YES;
				CLANG_WARN_DIRECT_OBJC_ISA_USAGE = YES_ERROR;
				CLANG_WARN_DOCUMENTATION_COMMENTS = YES;
				CLANG_WARN_EMPTY_BODY = YES;
				CLANG_WARN_ENUM_CONVERSION = YES;
				CLANG_WARN_INFINITE_RECURSION = YES;
				CLANG_WARN_INT_CONVERSION = YES;
				CLANG_WARN_NON_LITERAL_NULL_CONVERSION = YES;
				CLANG_WARN_OBJC_IMPLICIT_RETAIN_SELF = YES;
				CLANG_WARN_OBJC_LITERAL_CONVERSION = YES;
				CLANG_WARN_OBJC_ROOT_CLASS = YES_ERROR;
				CLANG_WARN_QUOTED_INCLUDE_IN_FRAMEWORK_HEADER = YES;
				CLANG_WARN_RANGE_LOOP_ANALYSIS = YES;
				CLANG_WARN_STRICT_PROTOTYPES = YES;
				CLANG_WARN_SUSPICIOUS_MOVE = YES;
				CLANG_WARN_UNGUARDED_AVAILABILITY = YES_AGGRESSIVE;
				CLANG_WARN_UNREACHABLE_CODE = YES;
				CLANG_WARN__DUPLICATE_METHOD_MATCH = YES;
				COPY_PHASE_STRIP = NO;
				DEBUG_INFORMATION_FORMAT = "dwarf-with-dsym";
				ENABLE_NS_ASSERTIONS = NO;
				ENABLE_STRICT_OBJC_MSGSEND = YES;
				ENABLE_USER_SCRIPT_SANDBOXING = YES;
				GCC_C_LANGUAGE_STANDARD = gnu17;
				GCC_NO_COMMON_BLOCKS = YES;
				GCC_WARN_64_TO_32_BIT_CONVERSION = YES;
				GCC_WARN_ABOUT_RETURN_TYPE = YES_ERROR;
				GCC_WARN_UNDECLARED_SELECTOR = YES;
				GCC_WARN_UNINITIALIZED_AUTOS = YES_AGGRESSIVE;
				GCC_WARN_UNUSED_FUNCTION = YES;
				GCC_WARN_UNUSED_VARIABLE = YES;
				IPHONEOS_DEPLOYMENT_TARGET = 18.0;
				LOCALIZATION_PREFERS_STRING_CATALOGS = YES;
				MTL_ENABLE_DEBUG_INFO = NO;
				MTL_FAST_MATH = YES;
				SDKROOT = iphoneos;
				SWIFT_COMPILATION_MODE = wholemodule;
				SWIFT_EMIT_LOC_STRINGS = YES;
				VALIDATE_PRODUCT = YES;
			};
			name = Release;
		};
		461D5BAF2D096FA000A5CE91 /* Debug */ = {
			isa = XCBuildConfiguration;
			buildSettings = {
				ASSETCATALOG_COMPILER_APPICON_NAME = AppIcon;
				ASSETCATALOG_COMPILER_GLOBAL_ACCENT_COLOR_NAME = AccentColor;
				CODE_SIGN_STYLE = Automatic;
				CURRENT_PROJECT_VERSION = 1;
				DEVELOPMENT_ASSET_PATHS = "\"WakebApp/Preview Content\"";
				DEVELOPMENT_TEAM = 6S868LA2TD;
				ENABLE_PREVIEWS = YES;
				GENERATE_INFOPLIST_FILE = YES;
				INFOPLIST_FILE = WakebApp/Info.plist;
				INFOPLIST_KEY_NSCameraUsageDescription = "We need access to your camera to scan text.";
				INFOPLIST_KEY_NSPhotoLibraryUsageDescription = "We need access to your photo library ";
				INFOPLIST_KEY_UIApplicationSceneManifest_Generation = YES;
				INFOPLIST_KEY_UIApplicationSupportsIndirectInputEvents = YES;
				INFOPLIST_KEY_UILaunchScreen_Generation = YES;
				INFOPLIST_KEY_UISupportedInterfaceOrientations_iPad = "UIInterfaceOrientationPortrait UIInterfaceOrientationPortraitUpsideDown UIInterfaceOrientationLandscapeLeft UIInterfaceOrientationLandscapeRight";
				INFOPLIST_KEY_UISupportedInterfaceOrientations_iPhone = "UIInterfaceOrientationPortrait UIInterfaceOrientationLandscapeLeft UIInterfaceOrientationLandscapeRight";
				LD_RUNPATH_SEARCH_PATHS = (
					"$(inherited)",
					"@executable_path/Frameworks",
				);
				MARKETING_VERSION = 1.0;
				PRODUCT_BUNDLE_IDENTIFIER = com.Maram.WakebApp;
				PRODUCT_NAME = "$(TARGET_NAME)";
				SWIFT_EMIT_LOC_STRINGS = YES;
				SWIFT_VERSION = 5.0;
				TARGETED_DEVICE_FAMILY = "1,2";
			};
			name = Debug;
		};
		461D5BB02D096FA000A5CE91 /* Release */ = {
			isa = XCBuildConfiguration;
			buildSettings = {
				ASSETCATALOG_COMPILER_APPICON_NAME = AppIcon;
				ASSETCATALOG_COMPILER_GLOBAL_ACCENT_COLOR_NAME = AccentColor;
				CODE_SIGN_STYLE = Automatic;
				CURRENT_PROJECT_VERSION = 1;
				DEVELOPMENT_ASSET_PATHS = "\"WakebApp/Preview Content\"";
				DEVELOPMENT_TEAM = 6S868LA2TD;
				ENABLE_PREVIEWS = YES;
				GENERATE_INFOPLIST_FILE = YES;
				INFOPLIST_FILE = WakebApp/Info.plist;
				INFOPLIST_KEY_NSCameraUsageDescription = "We need access to your camera to scan text.";
				INFOPLIST_KEY_NSPhotoLibraryUsageDescription = "We need access to your photo library ";
				INFOPLIST_KEY_UIApplicationSceneManifest_Generation = YES;
				INFOPLIST_KEY_UIApplicationSupportsIndirectInputEvents = YES;
				INFOPLIST_KEY_UILaunchScreen_Generation = YES;
				INFOPLIST_KEY_UISupportedInterfaceOrientations_iPad = "UIInterfaceOrientationPortrait UIInterfaceOrientationPortraitUpsideDown UIInterfaceOrientationLandscapeLeft UIInterfaceOrientationLandscapeRight";
				INFOPLIST_KEY_UISupportedInterfaceOrientations_iPhone = "UIInterfaceOrientationPortrait UIInterfaceOrientationLandscapeLeft UIInterfaceOrientationLandscapeRight";
				LD_RUNPATH_SEARCH_PATHS = (
					"$(inherited)",
					"@executable_path/Frameworks",
				);
				MARKETING_VERSION = 1.0;
				PRODUCT_BUNDLE_IDENTIFIER = com.Maram.WakebApp;
				PRODUCT_NAME = "$(TARGET_NAME)";
				SWIFT_EMIT_LOC_STRINGS = YES;
				SWIFT_VERSION = 5.0;
				TARGETED_DEVICE_FAMILY = "1,2";
			};
			name = Release;
		};
		461D5BB22D096FA000A5CE91 /* Debug */ = {
			isa = XCBuildConfiguration;
			buildSettings = {
				BUNDLE_LOADER = "$(TEST_HOST)";
				CODE_SIGN_STYLE = Automatic;
				CURRENT_PROJECT_VERSION = 1;
				DEVELOPMENT_TEAM = 2XSY2BML5W;
				GENERATE_INFOPLIST_FILE = YES;
				IPHONEOS_DEPLOYMENT_TARGET = 18.0;
				MARKETING_VERSION = 1.0;
				PRODUCT_BUNDLE_IDENTIFIER = com.Maram.WakebAppTests;
				PRODUCT_NAME = "$(TARGET_NAME)";
				SWIFT_EMIT_LOC_STRINGS = NO;
				SWIFT_VERSION = 5.0;
				TARGETED_DEVICE_FAMILY = "1,2";
				TEST_HOST = "$(BUILT_PRODUCTS_DIR)/WakebApp.app/$(BUNDLE_EXECUTABLE_FOLDER_PATH)/WakebApp";
			};
			name = Debug;
		};
		461D5BB32D096FA000A5CE91 /* Release */ = {
			isa = XCBuildConfiguration;
			buildSettings = {
				BUNDLE_LOADER = "$(TEST_HOST)";
				CODE_SIGN_STYLE = Automatic;
				CURRENT_PROJECT_VERSION = 1;
				DEVELOPMENT_TEAM = 2XSY2BML5W;
				GENERATE_INFOPLIST_FILE = YES;
				IPHONEOS_DEPLOYMENT_TARGET = 18.0;
				MARKETING_VERSION = 1.0;
				PRODUCT_BUNDLE_IDENTIFIER = com.Maram.WakebAppTests;
				PRODUCT_NAME = "$(TARGET_NAME)";
				SWIFT_EMIT_LOC_STRINGS = NO;
				SWIFT_VERSION = 5.0;
				TARGETED_DEVICE_FAMILY = "1,2";
				TEST_HOST = "$(BUILT_PRODUCTS_DIR)/WakebApp.app/$(BUNDLE_EXECUTABLE_FOLDER_PATH)/WakebApp";
			};
			name = Release;
		};
		461D5BB52D096FA000A5CE91 /* Debug */ = {
			isa = XCBuildConfiguration;
			buildSettings = {
				CODE_SIGN_STYLE = Automatic;
				CURRENT_PROJECT_VERSION = 1;
				GENERATE_INFOPLIST_FILE = YES;
				MARKETING_VERSION = 1.0;
				PRODUCT_BUNDLE_IDENTIFIER = com.Maram.WakebAppUITests;
				PRODUCT_NAME = "$(TARGET_NAME)";
				SWIFT_EMIT_LOC_STRINGS = NO;
				SWIFT_VERSION = 5.0;
				TARGETED_DEVICE_FAMILY = "1,2";
				TEST_TARGET_NAME = WakebApp;
			};
			name = Debug;
		};
		461D5BB62D096FA000A5CE91 /* Release */ = {
			isa = XCBuildConfiguration;
			buildSettings = {
				CODE_SIGN_STYLE = Automatic;
				CURRENT_PROJECT_VERSION = 1;
				GENERATE_INFOPLIST_FILE = YES;
				MARKETING_VERSION = 1.0;
				PRODUCT_BUNDLE_IDENTIFIER = com.Maram.WakebAppUITests;
				PRODUCT_NAME = "$(TARGET_NAME)";
				SWIFT_EMIT_LOC_STRINGS = NO;
				SWIFT_VERSION = 5.0;
				TARGETED_DEVICE_FAMILY = "1,2";
				TEST_TARGET_NAME = WakebApp;
			};
			name = Release;
		};
/* End XCBuildConfiguration section */

/* Begin XCConfigurationList section */
		461D5B852D096F9E00A5CE91 /* Build configuration list for PBXProject "WakebApp" */ = {
			isa = XCConfigurationList;
			buildConfigurations = (
				461D5BAC2D096FA000A5CE91 /* Debug */,
				461D5BAD2D096FA000A5CE91 /* Release */,
			);
			defaultConfigurationIsVisible = 0;
			defaultConfigurationName = Release;
		};
		461D5BAE2D096FA000A5CE91 /* Build configuration list for PBXNativeTarget "WakebApp" */ = {
			isa = XCConfigurationList;
			buildConfigurations = (
				461D5BAF2D096FA000A5CE91 /* Debug */,
				461D5BB02D096FA000A5CE91 /* Release */,
			);
			defaultConfigurationIsVisible = 0;
			defaultConfigurationName = Release;
		};
		461D5BB12D096FA000A5CE91 /* Build configuration list for PBXNativeTarget "WakebAppTests" */ = {
			isa = XCConfigurationList;
			buildConfigurations = (
				461D5BB22D096FA000A5CE91 /* Debug */,
				461D5BB32D096FA000A5CE91 /* Release */,
			);
			defaultConfigurationIsVisible = 0;
			defaultConfigurationName = Release;
		};
		461D5BB42D096FA000A5CE91 /* Build configuration list for PBXNativeTarget "WakebAppUITests" */ = {
			isa = XCConfigurationList;
			buildConfigurations = (
				461D5BB52D096FA000A5CE91 /* Debug */,
				461D5BB62D096FA000A5CE91 /* Release */,
			);
			defaultConfigurationIsVisible = 0;
			defaultConfigurationName = Release;
		};
/* End XCConfigurationList section */

/* Begin XCVersionGroup section */
		B1A188C32D17F30D00392F35 /* PersistenceController.xcdatamodeld */ = {
			isa = XCVersionGroup;
			children = (
				B1A188C42D17F30D00392F35 /* PersistenceController.xcdatamodel */,
			);
			currentVersion = B1A188C42D17F30D00392F35 /* PersistenceController.xcdatamodel */;
			path = PersistenceController.xcdatamodeld;
			sourceTree = "<group>";
			versionGroupType = wrapper.xcdatamodel;
		};
		B1E9A41D2D1A8BB100B56622 /* PersistenceDocuments.xcdatamodeld */ = {
			isa = XCVersionGroup;
			children = (
				B1E9A41E2D1A8BB100B56622 /* PersistenceDocuments.xcdatamodel */,
			);
			currentVersion = B1E9A41E2D1A8BB100B56622 /* PersistenceDocuments.xcdatamodel */;
			path = PersistenceDocuments.xcdatamodeld;
			sourceTree = "<group>";
			versionGroupType = wrapper.xcdatamodel;
		};
/* End XCVersionGroup section */
	};
	rootObject = 461D5B822D096F9E00A5CE91 /* Project object */;
}
